
Microsoft Visual Studio Solution File, Format Version 12.00
# Visual Studio 15
VisualStudioVersion = 15.0.28307.168
MinimumVisualStudioVersion = 10.0.40219.1
Project("{9A19103F-16F7-4668-BE54-9A1E7A4F7556}") = "SteamWishlistApi", "SteamWishlistApi\SteamWishlistApi.csproj", "{CEAAA88F-DA90-4589-A17D-EF8DAC38C0D7}"
EndProject
Global
	GlobalSection(SolutionConfigurationPlatforms) = preSolution
		Debug|Any CPU = Debug|Any CPU
		Release|Any CPU = Release|Any CPU
	EndGlobalSection
	GlobalSection(ProjectConfigurationPlatforms) = postSolution
		{CEAAA88F-DA90-4589-A17D-EF8DAC38C0D7}.Debug|Any CPU.ActiveCfg = Debug|Any CPU
		{CEAAA88F-DA90-4589-A17D-EF8DAC38C0D7}.Debug|Any CPU.Build.0 = Debug|Any CPU
		{CEAAA88F-DA90-4589-A17D-EF8DAC38C0D7}.Release|Any CPU.ActiveCfg = Release|Any CPU
		{CEAAA88F-DA90-4589-A17D-EF8DAC38C0D7}.Release|Any CPU.Build.0 = Release|Any CPU
	EndGlobalSection
	GlobalSection(SolutionProperties) = preSolution
		HideSolutionNode = FALSE
	EndGlobalSection
	GlobalSection(ExtensibilityGlobals) = postSolution
		SolutionGuid = {136813ED-BC14-4796-9399-4776CE6C6095}
	EndGlobalSection
EndGlobal
